
Microsoft Visual Studio Solution File, Format Version 12.00
# Visual Studio Version 17
VisualStudioVersion = 17.10.34928.147
MinimumVisualStudioVersion = 10.0.40219.1
Project("{9A19103F-16F7-4668-BE54-9A1E7A4F7556}") = "NetworkDetector", "NetworkDetector\NetworkDetector.csproj", "{4222BDA1-55CB-4FBB-B8AB-C24AEEB53ECD}"
EndProject
Global
	GlobalSection(SolutionConfigurationPlatforms) = preSolution
		Debug|Any CPU = Debug|Any CPU
		Release|Any CPU = Release|Any CPU
	EndGlobalSection
	GlobalSection(ProjectConfigurationPlatforms) = postSolution
		{4222BDA1-55CB-4FBB-B8AB-C24AEEB53ECD}.Debug|Any CPU.ActiveCfg = Debug|Any CPU
		{4222BDA1-55CB-4FBB-B8AB-C24AEEB53ECD}.Debug|Any CPU.Build.0 = Debug|Any CPU
		{4222BDA1-55CB-4FBB-B8AB-C24AEEB53ECD}.Release|Any CPU.ActiveCfg = Release|Any CPU
		{4222BDA1-55CB-4FBB-B8AB-C24AEEB53ECD}.Release|Any CPU.Build.0 = Release|Any CPU
	EndGlobalSection
	GlobalSection(SolutionProperties) = preSolution
		HideSolutionNode = FALSE
	EndGlobalSection
	GlobalSection(ExtensibilityGlobals) = postSolution
		SolutionGuid = {85066FDE-C16B-4EF7-BF17-D943983074C7}
	EndGlobalSection
EndGlobal
